// !$*UTF8*$!
{
	archiveVersion = 1;
	classes = {
	};
	objectVersion = 51;
	objects = {

/* Begin PBXBuildFile section */
		75561EAF2493C5E10044BBF7 /* MovieCell.swift in Sources */ = {isa = PBXBuildFile; fileRef = 75561EAD2493C5E10044BBF7 /* MovieCell.swift */; };
		75561EB02493C5E10044BBF7 /* MovieCell.xib in Resources */ = {isa = PBXBuildFile; fileRef = 75561EAE2493C5E10044BBF7 /* MovieCell.xib */; };
		7561F68724927398000F1C0B /* AppDelegate.swift in Sources */ = {isa = PBXBuildFile; fileRef = 7561F68624927398000F1C0B /* AppDelegate.swift */; };
		7561F68924927398000F1C0B /* SceneDelegate.swift in Sources */ = {isa = PBXBuildFile; fileRef = 7561F68824927398000F1C0B /* SceneDelegate.swift */; };
		7561F6902492739D000F1C0B /* Assets.xcassets in Resources */ = {isa = PBXBuildFile; fileRef = 7561F68F2492739D000F1C0B /* Assets.xcassets */; };
		7561F6932492739D000F1C0B /* LaunchScreen.storyboard in Resources */ = {isa = PBXBuildFile; fileRef = 7561F6912492739D000F1C0B /* LaunchScreen.storyboard */; };
		7561F69E24927452000F1C0B /* HomeViewController.swift in Sources */ = {isa = PBXBuildFile; fileRef = 7561F69C24927452000F1C0B /* HomeViewController.swift */; };
		7561F69F24927452000F1C0B /* HomeViewController.xib in Resources */ = {isa = PBXBuildFile; fileRef = 7561F69D24927452000F1C0B /* HomeViewController.xib */; };
		7561F6A3249274EC000F1C0B /* HomeRouter.swift in Sources */ = {isa = PBXBuildFile; fileRef = 7561F6A2249274EC000F1C0B /* HomeRouter.swift */; };
		7561F6A72492768A000F1C0B /* HomeViewModel.swift in Sources */ = {isa = PBXBuildFile; fileRef = 7561F6A62492768A000F1C0B /* HomeViewModel.swift */; };
		7561F6AA24927E3B000F1C0B /* Constants.swift in Sources */ = {isa = PBXBuildFile; fileRef = 7561F6A924927E3B000F1C0B /* Constants.swift */; };
		7561F6AD249286E1000F1C0B /* ManagerConnections.swift in Sources */ = {isa = PBXBuildFile; fileRef = 7561F6AC249286E1000F1C0B /* ManagerConnections.swift */; };
		7561F6AF249287E8000F1C0B /* Movies.swift in Sources */ = {isa = PBXBuildFile; fileRef = 7561F6AE249287E8000F1C0B /* Movies.swift */; };
		758BB2B9249B686000A8D7C5 /* JsonDecodable.swift in Sources */ = {isa = PBXBuildFile; fileRef = 758BB2B8249B686000A8D7C5 /* JsonDecodable.swift */; };
		75F149182497734600DC36A2 /* Extensions.swift in Sources */ = {isa = PBXBuildFile; fileRef = 75F149172497734600DC36A2 /* Extensions.swift */; };
		75F1491B2498B6EF00DC36A2 /* DetailViewController.swift in Sources */ = {isa = PBXBuildFile; fileRef = 75F149192498B6EF00DC36A2 /* DetailViewController.swift */; };
		75F1491C2498B6EF00DC36A2 /* DetailViewController.xib in Resources */ = {isa = PBXBuildFile; fileRef = 75F1491A2498B6EF00DC36A2 /* DetailViewController.xib */; };
		75F1491F2498BAA500DC36A2 /* DetailViewModel.swift in Sources */ = {isa = PBXBuildFile; fileRef = 75F1491E2498BAA500DC36A2 /* DetailViewModel.swift */; };
		75F149212498BC7200DC36A2 /* DetailRouter.swift in Sources */ = {isa = PBXBuildFile; fileRef = 75F149202498BC7200DC36A2 /* DetailRouter.swift */; };
		75F149232498BD6200DC36A2 /* MovieDetail.swift in Sources */ = {isa = PBXBuildFile; fileRef = 75F149222498BD6200DC36A2 /* MovieDetail.swift */; };
		DBB8A3891A98D6CE26022AB2 /* Pods_RxSwift_MVVM.framework in Frameworks */ = {isa = PBXBuildFile; fileRef = 3B83D0028D51FCEDC661363B /* Pods_RxSwift_MVVM.framework */; };
/* End PBXBuildFile section */

/* Begin PBXFileReference section */
		3B83D0028D51FCEDC661363B /* Pods_RxSwift_MVVM.framework */ = {isa = PBXFileReference; explicitFileType = wrapper.framework; includeInIndex = 0; path = Pods_RxSwift_MVVM.framework; sourceTree = BUILT_PRODUCTS_DIR; };
		75561EAD2493C5E10044BBF7 /* MovieCell.swift */ = {isa = PBXFileReference; lastKnownFileType = sourcecode.swift; path = MovieCell.swift; sourceTree = "<group>"; };
		75561EAE2493C5E10044BBF7 /* MovieCell.xib */ = {isa = PBXFileReference; lastKnownFileType = file.xib; path = MovieCell.xib; sourceTree = "<group>"; };
		7561F68324927398000F1C0B /* RxSwift_MVVM.app */ = {isa = PBXFileReference; explicitFileType = wrapper.application; includeInIndex = 0; path = RxSwift_MVVM.app; sourceTree = BUILT_PRODUCTS_DIR; };
		7561F68624927398000F1C0B /* AppDelegate.swift */ = {isa = PBXFileReference; lastKnownFileType = sourcecode.swift; path = AppDelegate.swift; sourceTree = "<group>"; };
		7561F68824927398000F1C0B /* SceneDelegate.swift */ = {isa = PBXFileReference; lastKnownFileType = sourcecode.swift; path = SceneDelegate.swift; sourceTree = "<group>"; };
		7561F68F2492739D000F1C0B /* Assets.xcassets */ = {isa = PBXFileReference; lastKnownFileType = folder.assetcatalog; path = Assets.xcassets; sourceTree = "<group>"; };
		7561F6922492739D000F1C0B /* Base */ = {isa = PBXFileReference; lastKnownFileType = file.storyboard; name = Base; path = Base.lproj/LaunchScreen.storyboard; sourceTree = "<group>"; };
		7561F6942492739D000F1C0B /* Info.plist */ = {isa = PBXFileReference; lastKnownFileType = text.plist.xml; path = Info.plist; sourceTree = "<group>"; };
		7561F69C24927452000F1C0B /* HomeViewController.swift */ = {isa = PBXFileReference; lastKnownFileType = sourcecode.swift; path = HomeViewController.swift; sourceTree = "<group>"; };
		7561F69D24927452000F1C0B /* HomeViewController.xib */ = {isa = PBXFileReference; lastKnownFileType = file.xib; path = HomeViewController.xib; sourceTree = "<group>"; };
		7561F6A2249274EC000F1C0B /* HomeRouter.swift */ = {isa = PBXFileReference; lastKnownFileType = sourcecode.swift; path = HomeRouter.swift; sourceTree = "<group>"; };
		7561F6A62492768A000F1C0B /* HomeViewModel.swift */ = {isa = PBXFileReference; lastKnownFileType = sourcecode.swift; path = HomeViewModel.swift; sourceTree = "<group>"; };
		7561F6A924927E3B000F1C0B /* Constants.swift */ = {isa = PBXFileReference; lastKnownFileType = sourcecode.swift; path = Constants.swift; sourceTree = "<group>"; };
		7561F6AC249286E1000F1C0B /* ManagerConnections.swift */ = {isa = PBXFileReference; lastKnownFileType = sourcecode.swift; path = ManagerConnections.swift; sourceTree = "<group>"; };
		7561F6AE249287E8000F1C0B /* Movies.swift */ = {isa = PBXFileReference; lastKnownFileType = sourcecode.swift; path = Movies.swift; sourceTree = "<group>"; };
		758BB2B8249B686000A8D7C5 /* JsonDecodable.swift */ = {isa = PBXFileReference; fileEncoding = 4; lastKnownFileType = sourcecode.swift; path = JsonDecodable.swift; sourceTree = "<group>"; };
		75F149172497734600DC36A2 /* Extensions.swift */ = {isa = PBXFileReference; lastKnownFileType = sourcecode.swift; path = Extensions.swift; sourceTree = "<group>"; };
		75F149192498B6EF00DC36A2 /* DetailViewController.swift */ = {isa = PBXFileReference; lastKnownFileType = sourcecode.swift; path = DetailViewController.swift; sourceTree = "<group>"; };
		75F1491A2498B6EF00DC36A2 /* DetailViewController.xib */ = {isa = PBXFileReference; lastKnownFileType = file.xib; path = DetailViewController.xib; sourceTree = "<group>"; };
		75F1491E2498BAA500DC36A2 /* DetailViewModel.swift */ = {isa = PBXFileReference; lastKnownFileType = sourcecode.swift; path = DetailViewModel.swift; sourceTree = "<group>"; };
		75F149202498BC7200DC36A2 /* DetailRouter.swift */ = {isa = PBXFileReference; lastKnownFileType = sourcecode.swift; path = DetailRouter.swift; sourceTree = "<group>"; };
		75F149222498BD6200DC36A2 /* MovieDetail.swift */ = {isa = PBXFileReference; lastKnownFileType = sourcecode.swift; path = MovieDetail.swift; sourceTree = "<group>"; };
		7945408CF70B41F935390704 /* Pods-RxSwift_MVVM.release.xcconfig */ = {isa = PBXFileReference; includeInIndex = 1; lastKnownFileType = text.xcconfig; name = "Pods-RxSwift_MVVM.release.xcconfig"; path = "Target Support Files/Pods-RxSwift_MVVM/Pods-RxSwift_MVVM.release.xcconfig"; sourceTree = "<group>"; };
		E33C0452B8369C3E380EB2BF /* Pods-RxSwift_MVVM.debug.xcconfig */ = {isa = PBXFileReference; includeInIndex = 1; lastKnownFileType = text.xcconfig; name = "Pods-RxSwift_MVVM.debug.xcconfig"; path = "Target Support Files/Pods-RxSwift_MVVM/Pods-RxSwift_MVVM.debug.xcconfig"; sourceTree = "<group>"; };
/* End PBXFileReference section */

/* Begin PBXFrameworksBuildPhase section */
		7561F68024927398000F1C0B /* Frameworks */ = {
			isa = PBXFrameworksBuildPhase;
			buildActionMask = 2147483647;
			files = (
				DBB8A3891A98D6CE26022AB2 /* Pods_RxSwift_MVVM.framework in Frameworks */,
			);
			runOnlyForDeploymentPostprocessing = 0;
		};
/* End PBXFrameworksBuildPhase section */

/* Begin PBXGroup section */
		51A1A6DA2E74D0DF28D549CD /* Frameworks */ = {
			isa = PBXGroup;
			children = (
				3B83D0028D51FCEDC661363B /* Pods_RxSwift_MVVM.framework */,
			);
			name = Frameworks;
			sourceTree = "<group>";
		};
		7561F67A24927398000F1C0B = {
			isa = PBXGroup;
			children = (
				7561F68524927398000F1C0B /* RxSwift_MVVM */,
				7561F68424927398000F1C0B /* Products */,
				C57B163CDC0FB1CC3AFEF9B0 /* Pods */,
				51A1A6DA2E74D0DF28D549CD /* Frameworks */,
			);
			sourceTree = "<group>";
		};
		7561F68424927398000F1C0B /* Products */ = {
			isa = PBXGroup;
			children = (
				7561F68324927398000F1C0B /* RxSwift_MVVM.app */,
			);
			name = Products;
			sourceTree = "<group>";
		};
		7561F68524927398000F1C0B /* RxSwift_MVVM */ = {
			isa = PBXGroup;
			children = (
				7561F6AB249286BD000F1C0B /* NetworkManager */,
				7561F6A824927E0B000F1C0B /* Utils */,
				7561F69B249273B7000F1C0B /* DetailView */,
				7561F69A249273AC000F1C0B /* Home */,
				7561F68624927398000F1C0B /* AppDelegate.swift */,
				7561F68824927398000F1C0B /* SceneDelegate.swift */,
				7561F68F2492739D000F1C0B /* Assets.xcassets */,
				7561F6912492739D000F1C0B /* LaunchScreen.storyboard */,
				7561F6942492739D000F1C0B /* Info.plist */,
			);
			path = RxSwift_MVVM;
			sourceTree = "<group>";
		};
		7561F69A249273AC000F1C0B /* Home */ = {
			isa = PBXGroup;
			children = (
				7561F6A52492765E000F1C0B /* Model */,
				7561F6A0249274BE000F1C0B /* View */,
				7561F6A42492764A000F1C0B /* ViewModel */,
				7561F6A1249274D3000F1C0B /* Router */,
			);
			path = Home;
			sourceTree = "<group>";
		};
		7561F69B249273B7000F1C0B /* DetailView */ = {
			isa = PBXGroup;
			children = (
				75F1491E2498BAA500DC36A2 /* DetailViewModel.swift */,
				75F149202498BC7200DC36A2 /* DetailRouter.swift */,
				75F149222498BD6200DC36A2 /* MovieDetail.swift */,
				75F1491D2498BA8100DC36A2 /* View */,
			);
			path = DetailView;
			sourceTree = "<group>";
		};
		7561F6A0249274BE000F1C0B /* View */ = {
			isa = PBXGroup;
			children = (
				7561F69C24927452000F1C0B /* HomeViewController.swift */,
				7561F69D24927452000F1C0B /* HomeViewController.xib */,
				75561EAD2493C5E10044BBF7 /* MovieCell.swift */,
				75561EAE2493C5E10044BBF7 /* MovieCell.xib */,
			);
			path = View;
			sourceTree = "<group>";
		};
		7561F6A1249274D3000F1C0B /* Router */ = {
			isa = PBXGroup;
			children = (
				7561F6A2249274EC000F1C0B /* HomeRouter.swift */,
			);
			path = Router;
			sourceTree = "<group>";
		};
		7561F6A42492764A000F1C0B /* ViewModel */ = {
			isa = PBXGroup;
			children = (
				7561F6A62492768A000F1C0B /* HomeViewModel.swift */,
			);
			path = ViewModel;
			sourceTree = "<group>";
		};
		7561F6A52492765E000F1C0B /* Model */ = {
			isa = PBXGroup;
			children = (
				7561F6AE249287E8000F1C0B /* Movies.swift */,
			);
			path = Model;
			sourceTree = "<group>";
		};
		7561F6A824927E0B000F1C0B /* Utils */ = {
			isa = PBXGroup;
			children = (
				758BB2B8249B686000A8D7C5 /* JsonDecodable.swift */,
				75F14916249772FC00DC36A2 /* Extensions */,
				7561F6A924927E3B000F1C0B /* Constants.swift */,
			);
			path = Utils;
			sourceTree = "<group>";
		};
		7561F6AB249286BD000F1C0B /* NetworkManager */ = {
			isa = PBXGroup;
			children = (
				7561F6AC249286E1000F1C0B /* ManagerConnections.swift */,
			);
			path = NetworkManager;
			sourceTree = "<group>";
		};
		75F14916249772FC00DC36A2 /* Extensions */ = {
			isa = PBXGroup;
			children = (
				75F149172497734600DC36A2 /* Extensions.swift */,
			);
			path = Extensions;
			sourceTree = "<group>";
		};
		75F1491D2498BA8100DC36A2 /* View */ = {
			isa = PBXGroup;
			children = (
				75F149192498B6EF00DC36A2 /* DetailViewController.swift */,
				75F1491A2498B6EF00DC36A2 /* DetailViewController.xib */,
			);
			path = View;
			sourceTree = "<group>";
		};
		C57B163CDC0FB1CC3AFEF9B0 /* Pods */ = {
			isa = PBXGroup;
			children = (
				E33C0452B8369C3E380EB2BF /* Pods-RxSwift_MVVM.debug.xcconfig */,
				7945408CF70B41F935390704 /* Pods-RxSwift_MVVM.release.xcconfig */,
			);
			path = Pods;
			sourceTree = "<group>";
		};
/* End PBXGroup section */

/* Begin PBXNativeTarget section */
		7561F68224927398000F1C0B /* RxSwift_MVVM */ = {
			isa = PBXNativeTarget;
			buildConfigurationList = 7561F6972492739D000F1C0B /* Build configuration list for PBXNativeTarget "RxSwift_MVVM" */;
			buildPhases = (
				D3F8DF48C977FB3975F77ECE /* [CP] Check Pods Manifest.lock */,
				7561F67F24927398000F1C0B /* Sources */,
				7561F68024927398000F1C0B /* Frameworks */,
				7561F68124927398000F1C0B /* Resources */,
				D62A772030EC4D5F1D2A6D41 /* [CP] Embed Pods Frameworks */,
			);
			buildRules = (
			);
			dependencies = (
			);
			name = RxSwift_MVVM;
			productName = RxSwift_MVVM;
			productReference = 7561F68324927398000F1C0B /* RxSwift_MVVM.app */;
			productType = "com.apple.product-type.application";
		};
/* End PBXNativeTarget section */

/* Begin PBXProject section */
		7561F67B24927398000F1C0B /* Project object */ = {
			isa = PBXProject;
			attributes = {
				LastSwiftUpdateCheck = 1140;
				LastUpgradeCheck = 1140;
				ORGANIZATIONNAME = com.sailor;
				TargetAttributes = {
					7561F68224927398000F1C0B = {
						CreatedOnToolsVersion = 11.4;
					};
				};
			};
			buildConfigurationList = 7561F67E24927398000F1C0B /* Build configuration list for PBXProject "RxSwift_MVVM" */;
			compatibilityVersion = "Xcode 9.3";
			developmentRegion = en;
			hasScannedForEncodings = 0;
			knownRegions = (
				en,
				Base,
			);
			mainGroup = 7561F67A24927398000F1C0B;
			productRefGroup = 7561F68424927398000F1C0B /* Products */;
			projectDirPath = "";
			projectRoot = "";
			targets = (
				7561F68224927398000F1C0B /* RxSwift_MVVM */,
			);
		};
/* End PBXProject section */

/* Begin PBXResourcesBuildPhase section */
		7561F68124927398000F1C0B /* Resources */ = {
			isa = PBXResourcesBuildPhase;
			buildActionMask = 2147483647;
			files = (
				7561F6932492739D000F1C0B /* LaunchScreen.storyboard in Resources */,
				7561F6902492739D000F1C0B /* Assets.xcassets in Resources */,
				75F1491C2498B6EF00DC36A2 /* DetailViewController.xib in Resources */,
				75561EB02493C5E10044BBF7 /* MovieCell.xib in Resources */,
				7561F69F24927452000F1C0B /* HomeViewController.xib in Resources */,
			);
			runOnlyForDeploymentPostprocessing = 0;
		};
/* End PBXResourcesBuildPhase section */

/* Begin PBXShellScriptBuildPhase section */
		D3F8DF48C977FB3975F77ECE /* [CP] Check Pods Manifest.lock */ = {
			isa = PBXShellScriptBuildPhase;
			buildActionMask = 2147483647;
			files = (
			);
			inputFileListPaths = (
			);
			inputPaths = (
				"${PODS_PODFILE_DIR_PATH}/Podfile.lock",
				"${PODS_ROOT}/Manifest.lock",
			);
			name = "[CP] Check Pods Manifest.lock";
			outputFileListPaths = (
			);
			outputPaths = (
				"$(DERIVED_FILE_DIR)/Pods-RxSwift_MVVM-checkManifestLockResult.txt",
			);
			runOnlyForDeploymentPostprocessing = 0;
			shellPath = /bin/sh;
			shellScript = "diff \"${PODS_PODFILE_DIR_PATH}/Podfile.lock\" \"${PODS_ROOT}/Manifest.lock\" > /dev/null\nif [ $? != 0 ] ; then\n    # print error to STDERR\n    echo \"error: The sandbox is not in sync with the Podfile.lock. Run 'pod install' or update your CocoaPods installation.\" >&2\n    exit 1\nfi\n# This output is used by Xcode 'outputs' to avoid re-running this script phase.\necho \"SUCCESS\" > \"${SCRIPT_OUTPUT_FILE_0}\"\n";
			showEnvVarsInLog = 0;
		};
		D62A772030EC4D5F1D2A6D41 /* [CP] Embed Pods Frameworks */ = {
			isa = PBXShellScriptBuildPhase;
			buildActionMask = 2147483647;
			files = (
			);
			inputFileListPaths = (
				"${PODS_ROOT}/Target Support Files/Pods-RxSwift_MVVM/Pods-RxSwift_MVVM-frameworks-${CONFIGURATION}-input-files.xcfilelist",
			);
			name = "[CP] Embed Pods Frameworks";
			outputFileListPaths = (
				"${PODS_ROOT}/Target Support Files/Pods-RxSwift_MVVM/Pods-RxSwift_MVVM-frameworks-${CONFIGURATION}-output-files.xcfilelist",
			);
			runOnlyForDeploymentPostprocessing = 0;
			shellPath = /bin/sh;
			shellScript = "\"${PODS_ROOT}/Target Support Files/Pods-RxSwift_MVVM/Pods-RxSwift_MVVM-frameworks.sh\"\n";
			showEnvVarsInLog = 0;
		};
/* End PBXShellScriptBuildPhase section */

/* Begin PBXSourcesBuildPhase section */
		7561F67F24927398000F1C0B /* Sources */ = {
			isa = PBXSourcesBuildPhase;
			buildActionMask = 2147483647;
			files = (
				75F1491B2498B6EF00DC36A2 /* DetailViewController.swift in Sources */,
				75F149232498BD6200DC36A2 /* MovieDetail.swift in Sources */,
				7561F68724927398000F1C0B /* AppDelegate.swift in Sources */,
				7561F6A3249274EC000F1C0B /* HomeRouter.swift in Sources */,
				75F149212498BC7200DC36A2 /* DetailRouter.swift in Sources */,
				75561EAF2493C5E10044BBF7 /* MovieCell.swift in Sources */,
				7561F6AF249287E8000F1C0B /* Movies.swift in Sources */,
				7561F68924927398000F1C0B /* SceneDelegate.swift in Sources */,
				758BB2B9249B686000A8D7C5 /* JsonDecodable.swift in Sources */,
				75F149182497734600DC36A2 /* Extensions.swift in Sources */,
				75F1491F2498BAA500DC36A2 /* DetailViewModel.swift in Sources */,
				7561F6AD249286E1000F1C0B /* ManagerConnections.swift in Sources */,
				7561F6A72492768A000F1C0B /* HomeViewModel.swift in Sources */,
				7561F69E24927452000F1C0B /* HomeViewController.swift in Sources */,
				7561F6AA24927E3B000F1C0B /* Constants.swift in Sources */,
			);
			runOnlyForDeploymentPostprocessing = 0;
		};
/* End PBXSourcesBuildPhase section */

/* Begin PBXVariantGroup section */
		7561F6912492739D000F1C0B /* LaunchScreen.storyboard */ = {
			isa = PBXVariantGroup;
			children = (
				7561F6922492739D000F1C0B /* Base */,
			);
			name = LaunchScreen.storyboard;
			sourceTree = "<group>";
		};
/* End PBXVariantGroup section */

/* Begin XCBuildConfiguration section */
		7561F6952492739D000F1C0B /* Debug */ = {
			isa = XCBuildConfiguration;
			buildSettings = {
				ALWAYS_SEARCH_USER_PATHS = NO;
				CLANG_ANALYZER_NONNULL = YES;
				CLANG_ANALYZER_NUMBER_OBJECT_CONVERSION = YES_AGGRESSIVE;
				CLANG_CXX_LANGUAGE_STANDARD = "gnu++14";
				CLANG_CXX_LIBRARY = "libc++";
				CLANG_ENABLE_MODULES = YES;
				CLANG_ENABLE_OBJC_ARC = YES;
				CLANG_ENABLE_OBJC_WEAK = YES;
				CLANG_WARN_BLOCK_CAPTURE_AUTORELEASING = YES;
				CLANG_WARN_BOOL_CONVERSION = YES;
				CLANG_WARN_COMMA = YES;
				CLANG_WARN_CONSTANT_CONVERSION = YES;
				CLANG_WARN_DEPRECATED_OBJC_IMPLEMENTATIONS = YES;
				CLANG_WARN_DIRECT_OBJC_ISA_USAGE = YES_ERROR;
				CLANG_WARN_DOCUMENTATION_COMMENTS = YES;
				CLANG_WARN_EMPTY_BODY = YES;
				CLANG_WARN_ENUM_CONVERSION = YES;
				CLANG_WARN_INFINITE_RECURSION = YES;
				CLANG_WARN_INT_CONVERSION = YES;
				CLANG_WARN_NON_LITERAL_NULL_CONVERSION = YES;
				CLANG_WARN_OBJC_IMPLICIT_RETAIN_SELF = YES;
				CLANG_WARN_OBJC_LITERAL_CONVERSION = YES;
				CLANG_WARN_OBJC_ROOT_CLASS = YES_ERROR;
				CLANG_WARN_RANGE_LOOP_ANALYSIS = YES;
				CLANG_WARN_STRICT_PROTOTYPES = YES;
				CLANG_WARN_SUSPICIOUS_MOVE = YES;
				CLANG_WARN_UNGUARDED_AVAILABILITY = YES_AGGRESSIVE;
				CLANG_WARN_UNREACHABLE_CODE = YES;
				CLANG_WARN__DUPLICATE_METHOD_MATCH = YES;
				COPY_PHASE_STRIP = NO;
				DEBUG_INFORMATION_FORMAT = dwarf;
				ENABLE_STRICT_OBJC_MSGSEND = YES;
				ENABLE_TESTABILITY = YES;
				GCC_C_LANGUAGE_STANDARD = gnu11;
				GCC_DYNAMIC_NO_PIC = NO;
				GCC_NO_COMMON_BLOCKS = YES;
				GCC_OPTIMIZATION_LEVEL = 0;
				GCC_PREPROCESSOR_DEFINITIONS = (
					"DEBUG=1",
					"$(inherited)",
				);
				GCC_WARN_64_TO_32_BIT_CONVERSION = YES;
				GCC_WARN_ABOUT_RETURN_TYPE = YES_ERROR;
				GCC_WARN_UNDECLARED_SELECTOR = YES;
				GCC_WARN_UNINITIALIZED_AUTOS = YES_AGGRESSIVE;
				GCC_WARN_UNUSED_FUNCTION = YES;
				GCC_WARN_UNUSED_VARIABLE = YES;
				IPHONEOS_DEPLOYMENT_TARGET = 13.4;
				MTL_ENABLE_DEBUG_INFO = INCLUDE_SOURCE;
				MTL_FAST_MATH = YES;
				ONLY_ACTIVE_ARCH = YES;
				SDKROOT = iphoneos;
				SWIFT_ACTIVE_COMPILATION_CONDITIONS = DEBUG;
				SWIFT_OPTIMIZATION_LEVEL = "-Onone";
			};
			name = Debug;
		};
		7561F6962492739D000F1C0B /* Release */ = {
			isa = XCBuildConfiguration;
			buildSettings = {
				ALWAYS_SEARCH_USER_PATHS = NO;
				CLANG_ANALYZER_NONNULL = YES;
				CLANG_ANALYZER_NUMBER_OBJECT_CONVERSION = YES_AGGRESSIVE;
				CLANG_CXX_LANGUAGE_STANDARD = "gnu++14";
				CLANG_CXX_LIBRARY = "libc++";
				CLANG_ENABLE_MODULES = YES;
				CLANG_ENABLE_OBJC_ARC = YES;
				CLANG_ENABLE_OBJC_WEAK = YES;
				CLANG_WARN_BLOCK_CAPTURE_AUTORELEASING = YES;
				CLANG_WARN_BOOL_CONVERSION = YES;
				CLANG_WARN_COMMA = YES;
				CLANG_WARN_CONSTANT_CONVERSION = YES;
				CLANG_WARN_DEPRECATED_OBJC_IMPLEMENTATIONS = YES;
				CLANG_WARN_DIRECT_OBJC_ISA_USAGE = YES_ERROR;
				CLANG_WARN_DOCUMENTATION_COMMENTS = YES;
				CLANG_WARN_EMPTY_BODY = YES;
				CLANG_WARN_ENUM_CONVERSION = YES;
				CLANG_WARN_INFINITE_RECURSION = YES;
				CLANG_WARN_INT_CONVERSION = YES;
				CLANG_WARN_NON_LITERAL_NULL_CONVERSION = YES;
				CLANG_WARN_OBJC_IMPLICIT_RETAIN_SELF = YES;
				CLANG_WARN_OBJC_LITERAL_CONVERSION = YES;
				CLANG_WARN_OBJC_ROOT_CLASS = YES_ERROR;
				CLANG_WARN_RANGE_LOOP_ANALYSIS = YES;
				CLANG_WARN_STRICT_PROTOTYPES = YES;
				CLANG_WARN_SUSPICIOUS_MOVE = YES;
				CLANG_WARN_UNGUARDED_AVAILABILITY = YES_AGGRESSIVE;
				CLANG_WARN_UNREACHABLE_CODE = YES;
				CLANG_WARN__DUPLICATE_METHOD_MATCH = YES;
				COPY_PHASE_STRIP = NO;
				DEBUG_INFORMATION_FORMAT = "dwarf-with-dsym";
				ENABLE_NS_ASSERTIONS = NO;
				ENABLE_STRICT_OBJC_MSGSEND = YES;
				GCC_C_LANGUAGE_STANDARD = gnu11;
				GCC_NO_COMMON_BLOCKS = YES;
				GCC_WARN_64_TO_32_BIT_CONVERSION = YES;
				GCC_WARN_ABOUT_RETURN_TYPE = YES_ERROR;
				GCC_WARN_UNDECLARED_SELECTOR = YES;
				GCC_WARN_UNINITIALIZED_AUTOS = YES_AGGRESSIVE;
				GCC_WARN_UNUSED_FUNCTION = YES;
				GCC_WARN_UNUSED_VARIABLE = YES;
				IPHONEOS_DEPLOYMENT_TARGET = 13.4;
				MTL_ENABLE_DEBUG_INFO = NO;
				MTL_FAST_MATH = YES;
				SDKROOT = iphoneos;
				SWIFT_COMPILATION_MODE = wholemodule;
				SWIFT_OPTIMIZATION_LEVEL = "-O";
				VALIDATE_PRODUCT = YES;
			};
			name = Release;
		};
		7561F6982492739D000F1C0B /* Debug */ = {
			isa = XCBuildConfiguration;
			baseConfigurationReference = E33C0452B8369C3E380EB2BF /* Pods-RxSwift_MVVM.debug.xcconfig */;
			buildSettings = {
				ASSETCATALOG_COMPILER_APPICON_NAME = AppIcon;
				CODE_SIGN_STYLE = Automatic;
				DEVELOPMENT_TEAM = 45NLTNDHT3;
				INFOPLIST_FILE = RxSwift_MVVM/Info.plist;
				LD_RUNPATH_SEARCH_PATHS = (
					"$(inherited)",
					"@executable_path/Frameworks",
				);
				PRODUCT_BUNDLE_IDENTIFIER = "com.sailor-bcn.RxSwift-MVVM";
				PRODUCT_NAME = "$(TARGET_NAME)";
				SWIFT_VERSION = 5.0;
				TARGETED_DEVICE_FAMILY = "1,2";
			};
			name = Debug;
		};
		7561F6992492739D000F1C0B /* Release */ = {
			isa = XCBuildConfiguration;
			baseConfigurationReference = 7945408CF70B41F935390704 /* Pods-RxSwift_MVVM.release.xcconfig */;
			buildSettings = {
				ASSETCATALOG_COMPILER_APPICON_NAME = AppIcon;
				CODE_SIGN_STYLE = Automatic;
				DEVELOPMENT_TEAM = 45NLTNDHT3;
				INFOPLIST_FILE = RxSwift_MVVM/Info.plist;
				LD_RUNPATH_SEARCH_PATHS = (
					"$(inherited)",
					"@executable_path/Frameworks",
				);
				PRODUCT_BUNDLE_IDENTIFIER = "com.sailor-bcn.RxSwift-MVVM";
				PRODUCT_NAME = "$(TARGET_NAME)";
				SWIFT_VERSION = 5.0;
				TARGETED_DEVICE_FAMILY = "1,2";
			};
			name = Release;
		};
/* End XCBuildConfiguration section */

/* Begin XCConfigurationList section */
		7561F67E24927398000F1C0B /* Build configuration list for PBXProject "RxSwift_MVVM" */ = {
			isa = XCConfigurationList;
			buildConfigurations = (
				7561F6952492739D000F1C0B /* Debug */,
				7561F6962492739D000F1C0B /* Release */,
			);
			defaultConfigurationIsVisible = 0;
			defaultConfigurationName = Release;
		};
		7561F6972492739D000F1C0B /* Build configuration list for PBXNativeTarget "RxSwift_MVVM" */ = {
			isa = XCConfigurationList;
			buildConfigurations = (
				7561F6982492739D000F1C0B /* Debug */,
				7561F6992492739D000F1C0B /* Release */,
			);
			defaultConfigurationIsVisible = 0;
			defaultConfigurationName = Release;
		};
/* End XCConfigurationList section */
	};
	rootObject = 7561F67B24927398000F1C0B /* Project object */;
}
